{
  "name": "svelte project",
  "lockfileVersion": 2,
  "requires": true,
  "packages": {
    "": {
      "dependencies": {
        "svelte-kit": "^1.0.0"
      }
    },
    "node_modules/svelte-kit": {
      "version": "1.0.0",
      "resolved": "https://registry.npmjs.org/svelte-kit/-/svelte-kit-1.0.0.tgz",
      "integrity": "sha512-pIY5PHrdpqt5Py4nkv3BCqbrTyYH61pgCVykPf3JuCeryvn/pO88ltDGFZq0cRkrSmfKHlpC+uM018SZ8I2h4A=="
    }
  },
  "dependencies": {
    "svelte-kit": {
      "version": "1.0.0",
      "resolved": "https://registry.npmjs.org/svelte-kit/-/svelte-kit-1.0.0.tgz",
      "integrity": "sha512-pIY5PHrdpqt5Py4nkv3BCqbrTyYH61pgCVykPf3JuCeryvn/pO88ltDGFZq0cRkrSmfKHlpC+uM018SZ8I2h4A=="
    }
  }
}
